
Microsoft Visual Studio Solution File, Format Version 12.00
# Visual Studio Version 17
VisualStudioVersion = 17.9.34701.34
MinimumVisualStudioVersion = 10.0.40219.1
Project("{FAE04EC0-301F-11D3-BF4B-00C04F79EFBC}") = "Project_PSD_LAB", "Project_PSD_LAB\Project_PSD_LAB.csproj", "{C5CC6396-77E3-4603-97E6-55FD42EEA401}"
EndProject
Global
	GlobalSection(SolutionConfigurationPlatforms) = preSolution
		Debug|Any CPU = Debug|Any CPU
		Release|Any CPU = Release|Any CPU
	EndGlobalSection
	GlobalSection(ProjectConfigurationPlatforms) = postSolution
		{C5CC6396-77E3-4603-97E6-55FD42EEA401}.Debug|Any CPU.ActiveCfg = Debug|Any CPU
		{C5CC6396-77E3-4603-97E6-55FD42EEA401}.Debug|Any CPU.Build.0 = Debug|Any CPU
		{C5CC6396-77E3-4603-97E6-55FD42EEA401}.Release|Any CPU.ActiveCfg = Release|Any CPU
		{C5CC6396-77E3-4603-97E6-55FD42EEA401}.Release|Any CPU.Build.0 = Release|Any CPU
	EndGlobalSection
	GlobalSection(SolutionProperties) = preSolution
		HideSolutionNode = FALSE
	EndGlobalSection
	GlobalSection(ExtensibilityGlobals) = postSolution
		SolutionGuid = {667E17CA-443F-4498-9D41-474E2D5A6558}
	EndGlobalSection
EndGlobal
